
Microsoft Visual Studio Solution File, Format Version 12.00
# Visual Studio Version 17
VisualStudioVersion = 17.5.002.0
MinimumVisualStudioVersion = 10.0.40219.1
Project("{2150E333-8FDC-42A3-9474-1A3956D46DE8}") = "quickstart", "quickstart", "{CB0794CF-C3D3-4299-BFD5-7214B6829ED6}"
EndProject
Project("{2150E333-8FDC-42A3-9474-1A3956D46DE8}") = "src", "src", "{4F1650CF-58F9-46CC-88FB-2827EDA5CCAC}"
EndProject
Project("{9A19103F-16F7-4668-BE54-9A1E7A4F7556}") = "Api", "quickstart\src\Api\Api.csproj", "{0819C9FF-12F9-4110-84DB-21D2DFD27A59}"
EndProject
Project("{9A19103F-16F7-4668-BE54-9A1E7A4F7556}") = "Client", "quickstart\src\Client\Client.csproj", "{88FCF7A1-18AF-4422-BB2C-3E46321E77BF}"
EndProject
Project("{9A19103F-16F7-4668-BE54-9A1E7A4F7556}") = "IdentityServer", "quickstart\src\IdentityServer\IdentityServer.csproj", "{C272D72D-0561-4E16-933A-4B65A8445D12}"
EndProject
Project("{9A19103F-16F7-4668-BE54-9A1E7A4F7556}") = "MvcClient", "quickstart\src\MvcClient\MvcClient.csproj", "{F21C60C9-7919-4D0F-A2EA-BA50C7C36CD8}"
EndProject
Global
	GlobalSection(SolutionConfigurationPlatforms) = preSolution
		Debug|Any CPU = Debug|Any CPU
		Release|Any CPU = Release|Any CPU
	EndGlobalSection
	GlobalSection(ProjectConfigurationPlatforms) = postSolution
		{0819C9FF-12F9-4110-84DB-21D2DFD27A59}.Debug|Any CPU.ActiveCfg = Debug|Any CPU
		{0819C9FF-12F9-4110-84DB-21D2DFD27A59}.Debug|Any CPU.Build.0 = Debug|Any CPU
		{0819C9FF-12F9-4110-84DB-21D2DFD27A59}.Release|Any CPU.ActiveCfg = Release|Any CPU
		{0819C9FF-12F9-4110-84DB-21D2DFD27A59}.Release|Any CPU.Build.0 = Release|Any CPU
		{88FCF7A1-18AF-4422-BB2C-3E46321E77BF}.Debug|Any CPU.ActiveCfg = Debug|Any CPU
		{88FCF7A1-18AF-4422-BB2C-3E46321E77BF}.Debug|Any CPU.Build.0 = Debug|Any CPU
		{88FCF7A1-18AF-4422-BB2C-3E46321E77BF}.Release|Any CPU.ActiveCfg = Release|Any CPU
		{88FCF7A1-18AF-4422-BB2C-3E46321E77BF}.Release|Any CPU.Build.0 = Release|Any CPU
		{C272D72D-0561-4E16-933A-4B65A8445D12}.Debug|Any CPU.ActiveCfg = Debug|Any CPU
		{C272D72D-0561-4E16-933A-4B65A8445D12}.Debug|Any CPU.Build.0 = Debug|Any CPU
		{C272D72D-0561-4E16-933A-4B65A8445D12}.Release|Any CPU.ActiveCfg = Release|Any CPU
		{C272D72D-0561-4E16-933A-4B65A8445D12}.Release|Any CPU.Build.0 = Release|Any CPU
		{F21C60C9-7919-4D0F-A2EA-BA50C7C36CD8}.Debug|Any CPU.ActiveCfg = Debug|Any CPU
		{F21C60C9-7919-4D0F-A2EA-BA50C7C36CD8}.Debug|Any CPU.Build.0 = Debug|Any CPU
		{F21C60C9-7919-4D0F-A2EA-BA50C7C36CD8}.Release|Any CPU.ActiveCfg = Release|Any CPU
		{F21C60C9-7919-4D0F-A2EA-BA50C7C36CD8}.Release|Any CPU.Build.0 = Release|Any CPU
	EndGlobalSection
	GlobalSection(SolutionProperties) = preSolution
		HideSolutionNode = FALSE
	EndGlobalSection
	GlobalSection(NestedProjects) = preSolution
		{4F1650CF-58F9-46CC-88FB-2827EDA5CCAC} = {CB0794CF-C3D3-4299-BFD5-7214B6829ED6}
		{0819C9FF-12F9-4110-84DB-21D2DFD27A59} = {4F1650CF-58F9-46CC-88FB-2827EDA5CCAC}
		{88FCF7A1-18AF-4422-BB2C-3E46321E77BF} = {4F1650CF-58F9-46CC-88FB-2827EDA5CCAC}
		{C272D72D-0561-4E16-933A-4B65A8445D12} = {4F1650CF-58F9-46CC-88FB-2827EDA5CCAC}
		{F21C60C9-7919-4D0F-A2EA-BA50C7C36CD8} = {4F1650CF-58F9-46CC-88FB-2827EDA5CCAC}
	EndGlobalSection
	GlobalSection(ExtensibilityGlobals) = postSolution
		SolutionGuid = {9C4CE6EA-50BF-4693-9FCD-994C0131BF85}
	EndGlobalSection
EndGlobal
